
Microsoft Visual Studio Solution File, Format Version 12.00
# Visual Studio Version 16
VisualStudioVersion = 16.0.30011.22
MinimumVisualStudioVersion = 10.0.40219.1
Project("{FAE04EC0-301F-11D3-BF4B-00C04F79EFBC}") = "UART_Remote_end", "UART_Remote_end.csproj", "{DB3BAD5B-D936-4599-8FBD-384293857F16}"
EndProject
Global
	GlobalSection(SolutionConfigurationPlatforms) = preSolution
		Debug|Any CPU = Debug|Any CPU
		Release|Any CPU = Release|Any CPU
	EndGlobalSection
	GlobalSection(ProjectConfigurationPlatforms) = postSolution
		{DB3BAD5B-D936-4599-8FBD-384293857F16}.Debug|Any CPU.ActiveCfg = Debug|Any CPU
		{DB3BAD5B-D936-4599-8FBD-384293857F16}.Debug|Any CPU.Build.0 = Debug|Any CPU
		{DB3BAD5B-D936-4599-8FBD-384293857F16}.Release|Any CPU.ActiveCfg = Release|Any CPU
		{DB3BAD5B-D936-4599-8FBD-384293857F16}.Release|Any CPU.Build.0 = Release|Any CPU
	EndGlobalSection
	GlobalSection(SolutionProperties) = preSolution
		HideSolutionNode = FALSE
	EndGlobalSection
	GlobalSection(ExtensibilityGlobals) = postSolution
		SolutionGuid = {D8C500D1-E34C-40D2-BA2A-01197B390939}
	EndGlobalSection
EndGlobal
